
Microsoft Visual Studio Solution File, Format Version 12.00
# Visual Studio Version 16
VisualStudioVersion = 16.0.29230.47
MinimumVisualStudioVersion = 10.0.40219.1
Project("{FAE04EC0-301F-11D3-BF4B-00C04F79EFBC}") = "GreeManagmentSystem", "GreeManagmentSystem\GreeManagmentSystem.csproj", "{79982909-7329-4D36-B543-AE28604DC34D}"
EndProject
Project("{54435603-DBB4-11D2-8724-00A0C9A8B90C}") = "GMSInstaller", "GMSInstaller\GMSInstaller.vdproj", "{2DDBBCA6-DD6B-43F4-8016-4BA9E00C4A3D}"
EndProject
Global
	GlobalSection(SolutionConfigurationPlatforms) = preSolution
		Debug|Any CPU = Debug|Any CPU
		Release|Any CPU = Release|Any CPU
	EndGlobalSection
	GlobalSection(ProjectConfigurationPlatforms) = postSolution
		{79982909-7329-4D36-B543-AE28604DC34D}.Debug|Any CPU.ActiveCfg = Debug|Any CPU
		{79982909-7329-4D36-B543-AE28604DC34D}.Debug|Any CPU.Build.0 = Debug|Any CPU
		{79982909-7329-4D36-B543-AE28604DC34D}.Release|Any CPU.ActiveCfg = Release|Any CPU
		{79982909-7329-4D36-B543-AE28604DC34D}.Release|Any CPU.Build.0 = Release|Any CPU
		{2DDBBCA6-DD6B-43F4-8016-4BA9E00C4A3D}.Debug|Any CPU.ActiveCfg = Debug
		{2DDBBCA6-DD6B-43F4-8016-4BA9E00C4A3D}.Release|Any CPU.ActiveCfg = Release
	EndGlobalSection
	GlobalSection(SolutionProperties) = preSolution
		HideSolutionNode = FALSE
	EndGlobalSection
	GlobalSection(ExtensibilityGlobals) = postSolution
		SolutionGuid = {C1434AA2-BC14-4C72-9F6D-D4CCEA320941}
	EndGlobalSection
EndGlobal
